<?xml version="1.0" encoding="utf-8"?>
<Project ToolsVersion="4.0" xmlns="http://schemas.microsoft.com/developer/msbuild/2003">
  <ItemGroup>
    <Filter Include="header">
      <UniqueIdentifier>{93995380-89BD-4b04-88EB-625FBE52EBFB}</UniqueIdentifier>
      <Extensions>h;hpp;hxx;hm;inl;inc;xsd</Extensions>
    </Filter>
    <Filter Include="scene">
      <UniqueIdentifier>{8a4671a2-0679-4f37-a0e1-b99386c845d4}</UniqueIdentifier>
    </Filter>
    <Filter Include="sector">
      <UniqueIdentifier>{d5674beb-a5a0-485e-92e0-8b1751e9a782}</UniqueIdentifier>
    </Filter>
    <Filter Include="portal">
      <UniqueIdentifier>{a64b5656-826b-4ac5-9f3a-ec92df936ced}</UniqueIdentifier>
    </Filter>
  </ItemGroup>
  <ItemGroup>
    <ClInclude Include="header.hpp">
      <Filter>header</Filter>
    </ClInclude>
    <ClInclude Include="..\..\..\include\bikini\action.hpp">
      <Filter>header</Filter>
    </ClInclude>
    <ClInclude Include="..\..\..\include\bikini\action\scene.hpp">
      <Filter>scene</Filter>
    </ClInclude>
    <ClInclude Include="..\..\..\include\bikini\action\sector.hpp">
      <Filter>sector</Filter>
    </ClInclude>
    <ClInclude Include="..\..\..\include\bikini\action\portal.hpp">
      <Filter>portal</Filter>
    </ClInclude>
  </ItemGroup>
  <ItemGroup>
    <ClCompile Include="action.cpp">
      <Filter>header</Filter>
    </ClCompile>
    <ClCompile Include="scene.cpp">
      <Filter>scene</Filter>
    </ClCompile>
    <ClCompile Include="sector.cpp">
      <Filter>sector</Filter>
    </ClCompile>
    <ClCompile Include="portal.cpp">
      <Filter>portal</Filter>
    </ClCompile>
    <ClCompile Include="scene.utest.cpp">
      <Filter>scene</Filter>
    </ClCompile>
    <ClCompile Include="sector.utest.cpp">
      <Filter>sector</Filter>
    </ClCompile>
    <ClCompile Include="portal.utest.cpp">
      <Filter>portal</Filter>
    </ClCompile>
  </ItemGroup>
</Project>