<?xml version="1.0" encoding="utf-8"?>
<Project ToolsVersion="4.0" xmlns="http://schemas.microsoft.com/developer/msbuild/2003">
  <ItemGroup>
    <Filter Include="header">
      <UniqueIdentifier>{93995380-89BD-4b04-88EB-625FBE52EBFB}</UniqueIdentifier>
      <Extensions>h;hpp;hxx;hm;inl;inc;xsd</Extensions>
    </Filter>
    <Filter Include="simulator">
      <UniqueIdentifier>{ef000f39-95d6-465a-a350-b9f63bc9ada7}</UniqueIdentifier>
    </Filter>
    <Filter Include="simulator\structure">
      <UniqueIdentifier>{25ae9f08-0e73-4907-8bc5-812abf6c1b91}</UniqueIdentifier>
    </Filter>
  </ItemGroup>
  <ItemGroup>
    <ClInclude Include="header.hpp">
      <Filter>header</Filter>
    </ClInclude>
    <ClInclude Include="..\..\..\include\bikini\dyne.hpp">
      <Filter>header</Filter>
    </ClInclude>
    <ClInclude Include="..\..\..\include\bikini\dyne\simulator.hpp">
      <Filter>simulator</Filter>
    </ClInclude>
    <ClInclude Include="..\..\..\include\bikini\dyne\structure.hpp">
      <Filter>simulator\structure</Filter>
    </ClInclude>
  </ItemGroup>
  <ItemGroup>
    <ClCompile Include="dyne.cpp">
      <Filter>header</Filter>
    </ClCompile>
    <ClCompile Include="simulator.cpp">
      <Filter>simulator</Filter>
    </ClCompile>
    <ClCompile Include="simulator.utest.cpp">
      <Filter>simulator</Filter>
    </ClCompile>
    <ClCompile Include="structure.cpp">
      <Filter>simulator\structure</Filter>
    </ClCompile>
    <ClCompile Include="structure.utest.cpp">
      <Filter>simulator\structure</Filter>
    </ClCompile>
  </ItemGroup>
</Project>