
Microsoft Visual Studio Solution File, Format Version 11.00
# Visual Studio 2010
Project("{2150E333-8FDC-42A3-9474-1A3956D46DE8}") = "tests", "tests", "{75357CBD-D2B7-40B8-900E-D717CE554847}"
EndProject
Project("{2150E333-8FDC-42A3-9474-1A3956D46DE8}") = "interface", "interface", "{8D46154F-D87F-45BF-A592-F744CFA52D71}"
	ProjectSection(SolutionItems) = preProject
		..\..\include\bikini.hpp = ..\..\include\bikini.hpp
		..\..\include\config.hpp = ..\..\include\config.hpp
	EndProjectSection
EndProject
Project("{2150E333-8FDC-42A3-9474-1A3956D46DE8}") = "tools", "tools", "{71F10718-C4A2-4247-AA28-BE8E0D597BA0}"
EndProject
Project("{2150E333-8FDC-42A3-9474-1A3956D46DE8}") = "bikini", "bikini", "{E229AA4E-6409-4BA1-AEE0-5384ED038349}"
EndProject
Project("{2150E333-8FDC-42A3-9474-1A3956D46DE8}") = "external", "external", "{4A9F8073-F098-4327-8C47-52E9E53DEAD1}"
EndProject
Project("{8BC9CEB8-8B4A-11D0-8D11-00A0C91BC942}") = "base", "base\base.vcxproj", "{537FCF05-5BA7-43CB-9652-35FBF764B18E}"
EndProject
Project("{8BC9CEB8-8B4A-11D0-8D11-00A0C91BC942}") = "test_math", "..\tests\test_math\test_math.vcxproj", "{97AE86F4-3052-4F52-9943-ABACB217D983}"
EndProject
Project("{8BC9CEB8-8B4A-11D0-8D11-00A0C91BC942}") = "test_application", "..\tests\test_application\test_application.vcxproj", "{11828C6D-3E62-45F8-9268-93EB0DD141E9}"
	ProjectSection(ProjectDependencies) = postProject
		{504001EA-D22C-4457-AB6E-F446D754BE8E} = {504001EA-D22C-4457-AB6E-F446D754BE8E}
	EndProjectSection
EndProject
Project("{8BC9CEB8-8B4A-11D0-8D11-00A0C91BC942}") = "system", "system\system.vcxproj", "{4B6FF094-9074-4BDF-BD0A-32D6AD5C0AC6}"
EndProject
Project("{8BC9CEB8-8B4A-11D0-8D11-00A0C91BC942}") = "flash", "flash\flash.vcxproj", "{DF1BAF32-3923-4B03-AFDA-6B52D1DAF78C}"
EndProject
Project("{8BC9CEB8-8B4A-11D0-8D11-00A0C91BC942}") = "editor", "..\tools\editor\editor.vcxproj", "{228FC16E-E7E1-413F-AB47-4CA295D8C242}"
EndProject
Project("{8BC9CEB8-8B4A-11D0-8D11-00A0C91BC942}") = "zlib", "..\external\zlib\zlib.vcxproj", "{003A74FB-111D-4A54-B207-D83B5847410F}"
EndProject
Project("{8BC9CEB8-8B4A-11D0-8D11-00A0C91BC942}") = "jpeg", "..\external\jpeg\jpeg.vcxproj", "{81CD0C42-7D84-4770-9FE2-50E50826A51A}"
EndProject
Project("{8BC9CEB8-8B4A-11D0-8D11-00A0C91BC942}") = "png", "..\external\png\png.vcxproj", "{1EC4E2F1-6B47-4459-AA0E-5244BF22B625}"
EndProject
Project("{8BC9CEB8-8B4A-11D0-8D11-00A0C91BC942}") = "gameswf", "..\external\gameswf\gameswf.vcxproj", "{D0C6D768-6B44-463E-B449-EF1117776070}"
EndProject
Project("{8BC9CEB8-8B4A-11D0-8D11-00A0C91BC942}") = "pugixml", "..\external\pugixml\pugixml.vcxproj", "{21AED524-3184-4E33-A28D-88122F4F09B3}"
EndProject
Project("{FAE04EC0-301F-11D3-BF4B-00C04F79EFBC}") = "studio", "..\tools\studio\studio.csproj", "{40793A27-478B-4357-B4C3-FC8943131F3D}"
	ProjectSection(ProjectDependencies) = postProject
		{CAC9B704-996D-4DF4-93EF-292870E69C84} = {CAC9B704-996D-4DF4-93EF-292870E69C84}
	EndProjectSection
EndProject
Project("{8BC9CEB8-8B4A-11D0-8D11-00A0C91BC942}") = "bikini", "..\tools\bikini\bikini.vcxproj", "{CAC9B704-996D-4DF4-93EF-292870E69C84}"
EndProject
Project("{8BC9CEB8-8B4A-11D0-8D11-00A0C91BC942}") = "squirrel", "..\external\squirrel\squirrel.vcxproj", "{6D08BD62-1836-43CC-B095-A1AE8522620F}"
EndProject
Project("{8BC9CEB8-8B4A-11D0-8D11-00A0C91BC942}") = "script", "script\script.vcxproj", "{DA649A70-DC29-41CE-B8C0-80DC076EC982}"
EndProject
Project("{8BC9CEB8-8B4A-11D0-8D11-00A0C91BC942}") = "test_gtest", "..\tests\test_gtest\test_gtest.vcxproj", "{1B1BA396-4506-4242-AAC1-77D94CC0E751}"
EndProject
Project("{8BC9CEB8-8B4A-11D0-8D11-00A0C91BC942}") = "test_script", "..\tests\test_script\test_script.vcxproj", "{C349F15D-6A45-4113-BB31-338CBE810162}"
EndProject
Project("{8BC9CEB8-8B4A-11D0-8D11-00A0C91BC942}") = "gtest", "..\external\gtest\gtest.vcxproj", "{008AF052-839E-4E60-A10C-E355C6BD57F4}"
EndProject
Project("{8BC9CEB8-8B4A-11D0-8D11-00A0C91BC942}") = "movie", "movie\movie.vcxproj", "{504001EA-D22C-4457-AB6E-F446D754BE8E}"
EndProject
Project("{8BC9CEB8-8B4A-11D0-8D11-00A0C91BC942}") = "dyne", "dyne\dyne.vcxproj", "{09EC8B2F-ABFC-4971-BF21-354C752A1C35}"
EndProject
Global
	GlobalSection(SolutionConfigurationPlatforms) = preSolution
		Debug|Win32 = Debug|Win32
		Debug|x64 = Debug|x64
		Release|Win32 = Release|Win32
		Release|x64 = Release|x64
	EndGlobalSection
	GlobalSection(ProjectConfigurationPlatforms) = postSolution
		{537FCF05-5BA7-43CB-9652-35FBF764B18E}.Debug|Win32.ActiveCfg = Debug|Win32
		{537FCF05-5BA7-43CB-9652-35FBF764B18E}.Debug|Win32.Build.0 = Debug|Win32
		{537FCF05-5BA7-43CB-9652-35FBF764B18E}.Debug|x64.ActiveCfg = Debug|Win32
		{537FCF05-5BA7-43CB-9652-35FBF764B18E}.Release|Win32.ActiveCfg = Release|Win32
		{537FCF05-5BA7-43CB-9652-35FBF764B18E}.Release|Win32.Build.0 = Release|Win32
		{537FCF05-5BA7-43CB-9652-35FBF764B18E}.Release|x64.ActiveCfg = Release|Win32
		{97AE86F4-3052-4F52-9943-ABACB217D983}.Debug|Win32.ActiveCfg = Debug|Win32
		{97AE86F4-3052-4F52-9943-ABACB217D983}.Debug|Win32.Build.0 = Debug|Win32
		{97AE86F4-3052-4F52-9943-ABACB217D983}.Debug|x64.ActiveCfg = Debug|x64
		{97AE86F4-3052-4F52-9943-ABACB217D983}.Debug|x64.Build.0 = Debug|x64
		{97AE86F4-3052-4F52-9943-ABACB217D983}.Release|Win32.ActiveCfg = Release|Win32
		{97AE86F4-3052-4F52-9943-ABACB217D983}.Release|x64.ActiveCfg = Release|x64
		{97AE86F4-3052-4F52-9943-ABACB217D983}.Release|x64.Build.0 = Release|x64
		{11828C6D-3E62-45F8-9268-93EB0DD141E9}.Debug|Win32.ActiveCfg = Debug|Win32
		{11828C6D-3E62-45F8-9268-93EB0DD141E9}.Debug|Win32.Build.0 = Debug|Win32
		{11828C6D-3E62-45F8-9268-93EB0DD141E9}.Debug|x64.ActiveCfg = Debug|Win32
		{11828C6D-3E62-45F8-9268-93EB0DD141E9}.Debug|x64.Build.0 = Debug|x64
		{11828C6D-3E62-45F8-9268-93EB0DD141E9}.Release|Win32.ActiveCfg = Release|Win32
		{11828C6D-3E62-45F8-9268-93EB0DD141E9}.Release|Win32.Build.0 = Release|Win32
		{11828C6D-3E62-45F8-9268-93EB0DD141E9}.Release|x64.ActiveCfg = Release|Win32
		{11828C6D-3E62-45F8-9268-93EB0DD141E9}.Release|x64.Build.0 = Release|x64
		{4B6FF094-9074-4BDF-BD0A-32D6AD5C0AC6}.Debug|Win32.ActiveCfg = Debug|Win32
		{4B6FF094-9074-4BDF-BD0A-32D6AD5C0AC6}.Debug|Win32.Build.0 = Debug|Win32
		{4B6FF094-9074-4BDF-BD0A-32D6AD5C0AC6}.Debug|x64.ActiveCfg = Debug|Win32
		{4B6FF094-9074-4BDF-BD0A-32D6AD5C0AC6}.Debug|x64.Build.0 = Debug|x64
		{4B6FF094-9074-4BDF-BD0A-32D6AD5C0AC6}.Release|Win32.ActiveCfg = Release|Win32
		{4B6FF094-9074-4BDF-BD0A-32D6AD5C0AC6}.Release|Win32.Build.0 = Release|Win32
		{4B6FF094-9074-4BDF-BD0A-32D6AD5C0AC6}.Release|x64.ActiveCfg = Release|Win32
		{4B6FF094-9074-4BDF-BD0A-32D6AD5C0AC6}.Release|x64.Build.0 = Release|x64
		{DF1BAF32-3923-4B03-AFDA-6B52D1DAF78C}.Debug|Win32.ActiveCfg = Debug|Win32
		{DF1BAF32-3923-4B03-AFDA-6B52D1DAF78C}.Debug|Win32.Build.0 = Debug|Win32
		{DF1BAF32-3923-4B03-AFDA-6B52D1DAF78C}.Debug|x64.ActiveCfg = Debug|Win32
		{DF1BAF32-3923-4B03-AFDA-6B52D1DAF78C}.Debug|x64.Build.0 = Debug|x64
		{DF1BAF32-3923-4B03-AFDA-6B52D1DAF78C}.Release|Win32.ActiveCfg = Release|Win32
		{DF1BAF32-3923-4B03-AFDA-6B52D1DAF78C}.Release|Win32.Build.0 = Release|Win32
		{DF1BAF32-3923-4B03-AFDA-6B52D1DAF78C}.Release|x64.ActiveCfg = Release|Win32
		{DF1BAF32-3923-4B03-AFDA-6B52D1DAF78C}.Release|x64.Build.0 = Release|x64
		{228FC16E-E7E1-413F-AB47-4CA295D8C242}.Debug|Win32.ActiveCfg = Debug|Win32
		{228FC16E-E7E1-413F-AB47-4CA295D8C242}.Debug|Win32.Build.0 = Debug|Win32
		{228FC16E-E7E1-413F-AB47-4CA295D8C242}.Debug|x64.ActiveCfg = Debug|x64
		{228FC16E-E7E1-413F-AB47-4CA295D8C242}.Debug|x64.Build.0 = Debug|x64
		{228FC16E-E7E1-413F-AB47-4CA295D8C242}.Release|Win32.ActiveCfg = Release|Win32
		{228FC16E-E7E1-413F-AB47-4CA295D8C242}.Release|Win32.Build.0 = Release|Win32
		{228FC16E-E7E1-413F-AB47-4CA295D8C242}.Release|x64.ActiveCfg = Release|x64
		{228FC16E-E7E1-413F-AB47-4CA295D8C242}.Release|x64.Build.0 = Release|x64
		{003A74FB-111D-4A54-B207-D83B5847410F}.Debug|Win32.ActiveCfg = Debug|Win32
		{003A74FB-111D-4A54-B207-D83B5847410F}.Debug|Win32.Build.0 = Debug|Win32
		{003A74FB-111D-4A54-B207-D83B5847410F}.Debug|x64.ActiveCfg = Debug|Win32
		{003A74FB-111D-4A54-B207-D83B5847410F}.Debug|x64.Build.0 = Debug|x64
		{003A74FB-111D-4A54-B207-D83B5847410F}.Release|Win32.ActiveCfg = Release|Win32
		{003A74FB-111D-4A54-B207-D83B5847410F}.Release|Win32.Build.0 = Release|Win32
		{003A74FB-111D-4A54-B207-D83B5847410F}.Release|x64.ActiveCfg = Release|Win32
		{003A74FB-111D-4A54-B207-D83B5847410F}.Release|x64.Build.0 = Release|x64
		{81CD0C42-7D84-4770-9FE2-50E50826A51A}.Debug|Win32.ActiveCfg = Debug|Win32
		{81CD0C42-7D84-4770-9FE2-50E50826A51A}.Debug|Win32.Build.0 = Debug|Win32
		{81CD0C42-7D84-4770-9FE2-50E50826A51A}.Debug|x64.ActiveCfg = Debug|Win32
		{81CD0C42-7D84-4770-9FE2-50E50826A51A}.Debug|x64.Build.0 = Debug|x64
		{81CD0C42-7D84-4770-9FE2-50E50826A51A}.Release|Win32.ActiveCfg = Release|Win32
		{81CD0C42-7D84-4770-9FE2-50E50826A51A}.Release|Win32.Build.0 = Release|Win32
		{81CD0C42-7D84-4770-9FE2-50E50826A51A}.Release|x64.ActiveCfg = Release|Win32
		{81CD0C42-7D84-4770-9FE2-50E50826A51A}.Release|x64.Build.0 = Release|x64
		{1EC4E2F1-6B47-4459-AA0E-5244BF22B625}.Debug|Win32.ActiveCfg = Debug|Win32
		{1EC4E2F1-6B47-4459-AA0E-5244BF22B625}.Debug|Win32.Build.0 = Debug|Win32
		{1EC4E2F1-6B47-4459-AA0E-5244BF22B625}.Debug|x64.ActiveCfg = Debug|Win32
		{1EC4E2F1-6B47-4459-AA0E-5244BF22B625}.Debug|x64.Build.0 = Debug|x64
		{1EC4E2F1-6B47-4459-AA0E-5244BF22B625}.Release|Win32.ActiveCfg = Release|Win32
		{1EC4E2F1-6B47-4459-AA0E-5244BF22B625}.Release|Win32.Build.0 = Release|Win32
		{1EC4E2F1-6B47-4459-AA0E-5244BF22B625}.Release|x64.ActiveCfg = Release|Win32
		{1EC4E2F1-6B47-4459-AA0E-5244BF22B625}.Release|x64.Build.0 = Release|x64
		{D0C6D768-6B44-463E-B449-EF1117776070}.Debug|Win32.ActiveCfg = Debug|Win32
		{D0C6D768-6B44-463E-B449-EF1117776070}.Debug|Win32.Build.0 = Debug|Win32
		{D0C6D768-6B44-463E-B449-EF1117776070}.Debug|x64.ActiveCfg = Debug|Win32
		{D0C6D768-6B44-463E-B449-EF1117776070}.Debug|x64.Build.0 = Debug|x64
		{D0C6D768-6B44-463E-B449-EF1117776070}.Release|Win32.ActiveCfg = Release|Win32
		{D0C6D768-6B44-463E-B449-EF1117776070}.Release|Win32.Build.0 = Release|Win32
		{D0C6D768-6B44-463E-B449-EF1117776070}.Release|x64.ActiveCfg = Release|Win32
		{D0C6D768-6B44-463E-B449-EF1117776070}.Release|x64.Build.0 = Release|x64
		{21AED524-3184-4E33-A28D-88122F4F09B3}.Debug|Win32.ActiveCfg = Debug|Win32
		{21AED524-3184-4E33-A28D-88122F4F09B3}.Debug|Win32.Build.0 = Debug|Win32
		{21AED524-3184-4E33-A28D-88122F4F09B3}.Debug|x64.ActiveCfg = Debug|x64
		{21AED524-3184-4E33-A28D-88122F4F09B3}.Debug|x64.Build.0 = Debug|x64
		{21AED524-3184-4E33-A28D-88122F4F09B3}.Release|Win32.ActiveCfg = Release|Win32
		{21AED524-3184-4E33-A28D-88122F4F09B3}.Release|Win32.Build.0 = Release|Win32
		{21AED524-3184-4E33-A28D-88122F4F09B3}.Release|x64.ActiveCfg = Release|x64
		{21AED524-3184-4E33-A28D-88122F4F09B3}.Release|x64.Build.0 = Release|x64
		{40793A27-478B-4357-B4C3-FC8943131F3D}.Debug|Win32.ActiveCfg = Debug|Win32
		{40793A27-478B-4357-B4C3-FC8943131F3D}.Debug|Win32.Build.0 = Debug|Win32
		{40793A27-478B-4357-B4C3-FC8943131F3D}.Debug|x64.ActiveCfg = Debug|x64
		{40793A27-478B-4357-B4C3-FC8943131F3D}.Debug|x64.Build.0 = Debug|x64
		{40793A27-478B-4357-B4C3-FC8943131F3D}.Release|Win32.ActiveCfg = Release|Win32
		{40793A27-478B-4357-B4C3-FC8943131F3D}.Release|Win32.Build.0 = Release|Win32
		{40793A27-478B-4357-B4C3-FC8943131F3D}.Release|x64.ActiveCfg = Release|x64
		{40793A27-478B-4357-B4C3-FC8943131F3D}.Release|x64.Build.0 = Release|x64
		{CAC9B704-996D-4DF4-93EF-292870E69C84}.Debug|Win32.ActiveCfg = Debug|Win32
		{CAC9B704-996D-4DF4-93EF-292870E69C84}.Debug|Win32.Build.0 = Debug|Win32
		{CAC9B704-996D-4DF4-93EF-292870E69C84}.Debug|x64.ActiveCfg = Debug|Win32
		{CAC9B704-996D-4DF4-93EF-292870E69C84}.Debug|x64.Build.0 = Debug|x64
		{CAC9B704-996D-4DF4-93EF-292870E69C84}.Release|Win32.ActiveCfg = Release|Win32
		{CAC9B704-996D-4DF4-93EF-292870E69C84}.Release|Win32.Build.0 = Release|Win32
		{CAC9B704-996D-4DF4-93EF-292870E69C84}.Release|x64.ActiveCfg = Release|Win32
		{CAC9B704-996D-4DF4-93EF-292870E69C84}.Release|x64.Build.0 = Release|x64
		{6D08BD62-1836-43CC-B095-A1AE8522620F}.Debug|Win32.ActiveCfg = Debug|Win32
		{6D08BD62-1836-43CC-B095-A1AE8522620F}.Debug|Win32.Build.0 = Debug|Win32
		{6D08BD62-1836-43CC-B095-A1AE8522620F}.Debug|x64.ActiveCfg = Debug|Win32
		{6D08BD62-1836-43CC-B095-A1AE8522620F}.Release|Win32.ActiveCfg = Release|Win32
		{6D08BD62-1836-43CC-B095-A1AE8522620F}.Release|Win32.Build.0 = Release|Win32
		{6D08BD62-1836-43CC-B095-A1AE8522620F}.Release|x64.ActiveCfg = Release|Win32
		{DA649A70-DC29-41CE-B8C0-80DC076EC982}.Debug|Win32.ActiveCfg = Debug|Win32
		{DA649A70-DC29-41CE-B8C0-80DC076EC982}.Debug|Win32.Build.0 = Debug|Win32
		{DA649A70-DC29-41CE-B8C0-80DC076EC982}.Debug|x64.ActiveCfg = Debug|Win32
		{DA649A70-DC29-41CE-B8C0-80DC076EC982}.Release|Win32.ActiveCfg = Release|Win32
		{DA649A70-DC29-41CE-B8C0-80DC076EC982}.Release|Win32.Build.0 = Release|Win32
		{DA649A70-DC29-41CE-B8C0-80DC076EC982}.Release|x64.ActiveCfg = Release|Win32
		{1B1BA396-4506-4242-AAC1-77D94CC0E751}.Debug|Win32.ActiveCfg = Debug|Win32
		{1B1BA396-4506-4242-AAC1-77D94CC0E751}.Debug|Win32.Build.0 = Debug|Win32
		{1B1BA396-4506-4242-AAC1-77D94CC0E751}.Debug|x64.ActiveCfg = Debug|Win32
		{1B1BA396-4506-4242-AAC1-77D94CC0E751}.Release|Win32.ActiveCfg = Release|Win32
		{1B1BA396-4506-4242-AAC1-77D94CC0E751}.Release|Win32.Build.0 = Release|Win32
		{1B1BA396-4506-4242-AAC1-77D94CC0E751}.Release|x64.ActiveCfg = Release|Win32
		{C349F15D-6A45-4113-BB31-338CBE810162}.Debug|Win32.ActiveCfg = Debug|Win32
		{C349F15D-6A45-4113-BB31-338CBE810162}.Debug|Win32.Build.0 = Debug|Win32
		{C349F15D-6A45-4113-BB31-338CBE810162}.Debug|x64.ActiveCfg = Debug|Win32
		{C349F15D-6A45-4113-BB31-338CBE810162}.Release|Win32.ActiveCfg = Release|Win32
		{C349F15D-6A45-4113-BB31-338CBE810162}.Release|Win32.Build.0 = Release|Win32
		{C349F15D-6A45-4113-BB31-338CBE810162}.Release|x64.ActiveCfg = Release|Win32
		{008AF052-839E-4E60-A10C-E355C6BD57F4}.Debug|Win32.ActiveCfg = Debug|Win32
		{008AF052-839E-4E60-A10C-E355C6BD57F4}.Debug|Win32.Build.0 = Debug|Win32
		{008AF052-839E-4E60-A10C-E355C6BD57F4}.Debug|x64.ActiveCfg = Debug|Win32
		{008AF052-839E-4E60-A10C-E355C6BD57F4}.Release|Win32.ActiveCfg = Release|Win32
		{008AF052-839E-4E60-A10C-E355C6BD57F4}.Release|Win32.Build.0 = Release|Win32
		{008AF052-839E-4E60-A10C-E355C6BD57F4}.Release|x64.ActiveCfg = Release|Win32
		{504001EA-D22C-4457-AB6E-F446D754BE8E}.Debug|Win32.ActiveCfg = Debug|Win32
		{504001EA-D22C-4457-AB6E-F446D754BE8E}.Debug|Win32.Build.0 = Debug|Win32
		{504001EA-D22C-4457-AB6E-F446D754BE8E}.Debug|x64.ActiveCfg = Debug|Win32
		{504001EA-D22C-4457-AB6E-F446D754BE8E}.Release|Win32.ActiveCfg = Release|Win32
		{504001EA-D22C-4457-AB6E-F446D754BE8E}.Release|Win32.Build.0 = Release|Win32
		{504001EA-D22C-4457-AB6E-F446D754BE8E}.Release|x64.ActiveCfg = Release|Win32
		{09EC8B2F-ABFC-4971-BF21-354C752A1C35}.Debug|Win32.ActiveCfg = Debug|Win32
		{09EC8B2F-ABFC-4971-BF21-354C752A1C35}.Debug|Win32.Build.0 = Debug|Win32
		{09EC8B2F-ABFC-4971-BF21-354C752A1C35}.Debug|x64.ActiveCfg = Debug|Win32
		{09EC8B2F-ABFC-4971-BF21-354C752A1C35}.Release|Win32.ActiveCfg = Release|Win32
		{09EC8B2F-ABFC-4971-BF21-354C752A1C35}.Release|Win32.Build.0 = Release|Win32
		{09EC8B2F-ABFC-4971-BF21-354C752A1C35}.Release|x64.ActiveCfg = Release|Win32
	EndGlobalSection
	GlobalSection(SolutionProperties) = preSolution
		HideSolutionNode = FALSE
	EndGlobalSection
	GlobalSection(NestedProjects) = preSolution
		{97AE86F4-3052-4F52-9943-ABACB217D983} = {75357CBD-D2B7-40B8-900E-D717CE554847}
		{11828C6D-3E62-45F8-9268-93EB0DD141E9} = {75357CBD-D2B7-40B8-900E-D717CE554847}
		{1B1BA396-4506-4242-AAC1-77D94CC0E751} = {75357CBD-D2B7-40B8-900E-D717CE554847}
		{C349F15D-6A45-4113-BB31-338CBE810162} = {75357CBD-D2B7-40B8-900E-D717CE554847}
		{228FC16E-E7E1-413F-AB47-4CA295D8C242} = {71F10718-C4A2-4247-AA28-BE8E0D597BA0}
		{40793A27-478B-4357-B4C3-FC8943131F3D} = {71F10718-C4A2-4247-AA28-BE8E0D597BA0}
		{CAC9B704-996D-4DF4-93EF-292870E69C84} = {71F10718-C4A2-4247-AA28-BE8E0D597BA0}
		{537FCF05-5BA7-43CB-9652-35FBF764B18E} = {E229AA4E-6409-4BA1-AEE0-5384ED038349}
		{4B6FF094-9074-4BDF-BD0A-32D6AD5C0AC6} = {E229AA4E-6409-4BA1-AEE0-5384ED038349}
		{DF1BAF32-3923-4B03-AFDA-6B52D1DAF78C} = {E229AA4E-6409-4BA1-AEE0-5384ED038349}
		{DA649A70-DC29-41CE-B8C0-80DC076EC982} = {E229AA4E-6409-4BA1-AEE0-5384ED038349}
		{504001EA-D22C-4457-AB6E-F446D754BE8E} = {E229AA4E-6409-4BA1-AEE0-5384ED038349}
		{09EC8B2F-ABFC-4971-BF21-354C752A1C35} = {E229AA4E-6409-4BA1-AEE0-5384ED038349}
		{003A74FB-111D-4A54-B207-D83B5847410F} = {4A9F8073-F098-4327-8C47-52E9E53DEAD1}
		{81CD0C42-7D84-4770-9FE2-50E50826A51A} = {4A9F8073-F098-4327-8C47-52E9E53DEAD1}
		{1EC4E2F1-6B47-4459-AA0E-5244BF22B625} = {4A9F8073-F098-4327-8C47-52E9E53DEAD1}
		{D0C6D768-6B44-463E-B449-EF1117776070} = {4A9F8073-F098-4327-8C47-52E9E53DEAD1}
		{21AED524-3184-4E33-A28D-88122F4F09B3} = {4A9F8073-F098-4327-8C47-52E9E53DEAD1}
		{6D08BD62-1836-43CC-B095-A1AE8522620F} = {4A9F8073-F098-4327-8C47-52E9E53DEAD1}
		{008AF052-839E-4E60-A10C-E355C6BD57F4} = {4A9F8073-F098-4327-8C47-52E9E53DEAD1}
	EndGlobalSection
EndGlobal
