<?xml version="1.0" encoding="utf-8"?>
<Project ToolsVersion="4.0" xmlns="http://schemas.microsoft.com/developer/msbuild/2003">
  <ItemGroup>
    <Filter Include="header">
      <UniqueIdentifier>{93995380-89BD-4b04-88EB-625FBE52EBFB}</UniqueIdentifier>
      <Extensions>h;hpp;hxx;hm;inl;inc;xsd</Extensions>
    </Filter>
    <Filter Include="assert">
      <UniqueIdentifier>{8e03e015-0174-4871-8521-ae7593b9afb8}</UniqueIdentifier>
    </Filter>
    <Filter Include="color">
      <UniqueIdentifier>{0c433d2b-b99d-4777-9b09-eed23db1fdca}</UniqueIdentifier>
    </Filter>
    <Filter Include="defines">
      <UniqueIdentifier>{e50c63ed-026f-4959-8f5d-0ec82b67c9b1}</UniqueIdentifier>
    </Filter>
    <Filter Include="fsm">
      <UniqueIdentifier>{d9776800-7472-4a5c-9c1d-c9d06d62aa5d}</UniqueIdentifier>
    </Filter>
    <Filter Include="manager">
      <UniqueIdentifier>{24bdd492-c087-48bb-a2b0-1228796f9dd5}</UniqueIdentifier>
    </Filter>
    <Filter Include="math">
      <UniqueIdentifier>{b472d6fb-dc20-42ab-810a-3f0721f66288}</UniqueIdentifier>
    </Filter>
    <Filter Include="watch">
      <UniqueIdentifier>{5657bde1-01cb-4df9-8686-a86c35e4b6e4}</UniqueIdentifier>
    </Filter>
    <Filter Include="matrix">
      <UniqueIdentifier>{2ba40c55-ae5e-4521-9bc2-158c4463c753}</UniqueIdentifier>
    </Filter>
    <Filter Include="random">
      <UniqueIdentifier>{63d79fc2-538c-4b33-af75-9acadb2982bd}</UniqueIdentifier>
    </Filter>
    <Filter Include="rect">
      <UniqueIdentifier>{97e7bc3c-cb77-4c92-93fc-187443fc8dd9}</UniqueIdentifier>
    </Filter>
    <Filter Include="vector">
      <UniqueIdentifier>{c5ce00a4-3a89-4b0d-bdba-cf1265933f87}</UniqueIdentifier>
    </Filter>
    <Filter Include="constants">
      <UniqueIdentifier>{2e6bace2-86e1-4f10-8ce2-1d9e6fff6965}</UniqueIdentifier>
    </Filter>
    <Filter Include="databuffer">
      <UniqueIdentifier>{51c7ec3c-81ad-46a2-8bfb-8bfb92fd15bc}</UniqueIdentifier>
    </Filter>
    <Filter Include="GUID">
      <UniqueIdentifier>{75fc4e5d-13e0-43d5-8980-bbe66b38e695}</UniqueIdentifier>
    </Filter>
    <Filter Include="loader">
      <UniqueIdentifier>{d851769d-0cdc-4898-9730-ada0de051f36}</UniqueIdentifier>
    </Filter>
    <Filter Include="pool">
      <UniqueIdentifier>{75f6781a-123a-4702-9fb1-136b9980c555}</UniqueIdentifier>
    </Filter>
    <Filter Include="ring">
      <UniqueIdentifier>{7bdb8a89-b118-4b6e-b392-aa780b3a44f1}</UniqueIdentifier>
    </Filter>
    <Filter Include="string">
      <UniqueIdentifier>{82433dad-b837-45a0-bf99-5868492fc6c0}</UniqueIdentifier>
    </Filter>
    <Filter Include="types">
      <UniqueIdentifier>{4e4fa3fc-3f3f-42c8-b9a1-08b36fc7e8ba}</UniqueIdentifier>
    </Filter>
    <Filter Include="variant">
      <UniqueIdentifier>{5bf7d88d-ef3c-4d35-890d-12f3a09cdd80}</UniqueIdentifier>
    </Filter>
    <Filter Include="functor">
      <UniqueIdentifier>{752c090b-97d4-4dec-b09a-8166372a8649}</UniqueIdentifier>
    </Filter>
    <Filter Include="traits">
      <UniqueIdentifier>{a62405ae-66b4-4da5-befd-81340c086b65}</UniqueIdentifier>
    </Filter>
    <Filter Include="typelist">
      <UniqueIdentifier>{b02a9cb6-9c73-4474-99e1-398ff863a3aa}</UniqueIdentifier>
    </Filter>
    <Filter Include="utest">
      <UniqueIdentifier>{1c50625c-1616-4dca-98fd-e44261d6283a}</UniqueIdentifier>
    </Filter>
    <Filter Include="quat">
      <UniqueIdentifier>{ea566257-f8d3-4084-9ac3-c9fe1a02fab6}</UniqueIdentifier>
    </Filter>
  </ItemGroup>
  <ItemGroup>
    <ClCompile Include="assert.cpp">
      <Filter>assert</Filter>
    </ClCompile>
    <ClCompile Include="base.cpp">
      <Filter>header</Filter>
    </ClCompile>
    <ClCompile Include="loader.cpp">
      <Filter>loader</Filter>
    </ClCompile>
    <ClCompile Include="manager.cpp">
      <Filter>manager</Filter>
    </ClCompile>
    <ClCompile Include="math.cpp">
      <Filter>math</Filter>
    </ClCompile>
    <ClCompile Include="string.cpp">
      <Filter>string</Filter>
    </ClCompile>
    <ClCompile Include="watch.cpp">
      <Filter>watch</Filter>
    </ClCompile>
    <ClCompile Include="matrix.utest.cpp">
      <Filter>matrix</Filter>
    </ClCompile>
    <ClCompile Include="utest.cpp">
      <Filter>utest</Filter>
    </ClCompile>
  </ItemGroup>
  <ItemGroup>
    <None Include="..\..\..\include\bikini\base\color.inl">
      <Filter>color</Filter>
    </None>
    <None Include="..\..\..\include\bikini\base\fsm.inl">
      <Filter>fsm</Filter>
    </None>
    <None Include="..\..\..\include\bikini\base\GUID.inl">
      <Filter>GUID</Filter>
    </None>
    <None Include="..\..\..\include\bikini\base\manager.inl">
      <Filter>manager</Filter>
    </None>
    <None Include="..\..\..\include\bikini\base\math.inl">
      <Filter>math</Filter>
    </None>
    <None Include="..\..\..\include\bikini\base\matrix.inl">
      <Filter>matrix</Filter>
    </None>
    <None Include="..\..\..\include\bikini\base\pool.inl">
      <Filter>pool</Filter>
    </None>
    <None Include="..\..\..\include\bikini\base\quat.inl">
      <Filter>quat</Filter>
    </None>
    <None Include="..\..\..\include\bikini\base\random.inl">
      <Filter>random</Filter>
    </None>
    <None Include="..\..\..\include\bikini\base\rect.inl">
      <Filter>rect</Filter>
    </None>
    <None Include="..\..\..\include\bikini\base\ring.inl">
      <Filter>ring</Filter>
    </None>
    <None Include="..\..\..\include\bikini\base\string.inl">
      <Filter>string</Filter>
    </None>
    <None Include="..\..\..\include\bikini\base\typelist.inl">
      <Filter>typelist</Filter>
    </None>
    <None Include="..\..\..\include\bikini\base\variant.inl">
      <Filter>variant</Filter>
    </None>
    <None Include="..\..\..\include\bikini\base\vector.inl">
      <Filter>vector</Filter>
    </None>
    <None Include="..\..\..\include\bikini\base\watch.inl">
      <Filter>watch</Filter>
    </None>
  </ItemGroup>
  <ItemGroup>
    <ClInclude Include="header.hpp">
      <Filter>header</Filter>
    </ClInclude>
    <ClInclude Include="..\..\..\include\bikini\base\assert.hpp">
      <Filter>assert</Filter>
    </ClInclude>
    <ClInclude Include="..\..\..\include\bikini\base.hpp">
      <Filter>header</Filter>
    </ClInclude>
    <ClInclude Include="..\..\..\include\bikini\base\base_win32.hpp">
      <Filter>header</Filter>
    </ClInclude>
    <ClInclude Include="..\..\..\include\bikini\base\base_xbox.hpp">
      <Filter>header</Filter>
    </ClInclude>
    <ClInclude Include="..\..\..\include\bikini\base\color.hpp">
      <Filter>color</Filter>
    </ClInclude>
    <ClInclude Include="..\..\..\include\bikini\base\constants.hpp">
      <Filter>constants</Filter>
    </ClInclude>
    <ClInclude Include="..\..\..\include\bikini\base\databuffer.hpp">
      <Filter>databuffer</Filter>
    </ClInclude>
    <ClInclude Include="..\..\..\include\bikini\base\defines.hpp">
      <Filter>defines</Filter>
    </ClInclude>
    <ClInclude Include="..\..\..\include\bikini\base\fsm.hpp">
      <Filter>fsm</Filter>
    </ClInclude>
    <ClInclude Include="..\..\..\include\bikini\base\functor.hpp">
      <Filter>functor</Filter>
    </ClInclude>
    <ClInclude Include="..\..\..\include\bikini\base\GUID.hpp">
      <Filter>GUID</Filter>
    </ClInclude>
    <ClInclude Include="..\..\..\include\bikini\base\loader.hpp">
      <Filter>loader</Filter>
    </ClInclude>
    <ClInclude Include="..\..\..\include\bikini\base\manager.hpp">
      <Filter>manager</Filter>
    </ClInclude>
    <ClInclude Include="..\..\..\include\bikini\base\math.hpp">
      <Filter>math</Filter>
    </ClInclude>
    <ClInclude Include="..\..\..\include\bikini\base\matrix.hpp">
      <Filter>matrix</Filter>
    </ClInclude>
    <ClInclude Include="..\..\..\include\bikini\base\pool.hpp">
      <Filter>pool</Filter>
    </ClInclude>
    <ClInclude Include="..\..\..\include\bikini\base\quat.hpp">
      <Filter>quat</Filter>
    </ClInclude>
    <ClInclude Include="..\..\..\include\bikini\base\random.hpp">
      <Filter>random</Filter>
    </ClInclude>
    <ClInclude Include="..\..\..\include\bikini\base\rect.hpp">
      <Filter>rect</Filter>
    </ClInclude>
    <ClInclude Include="..\..\..\include\bikini\base\ring.hpp">
      <Filter>ring</Filter>
    </ClInclude>
    <ClInclude Include="..\..\..\include\bikini\base\string.hpp">
      <Filter>string</Filter>
    </ClInclude>
    <ClInclude Include="..\..\..\include\bikini\base\traits.hpp">
      <Filter>traits</Filter>
    </ClInclude>
    <ClInclude Include="..\..\..\include\bikini\base\typelist.hpp">
      <Filter>typelist</Filter>
    </ClInclude>
    <ClInclude Include="..\..\..\include\bikini\base\types.hpp">
      <Filter>types</Filter>
    </ClInclude>
    <ClInclude Include="..\..\..\include\bikini\base\variant.hpp">
      <Filter>variant</Filter>
    </ClInclude>
    <ClInclude Include="..\..\..\include\bikini\base\vector.hpp">
      <Filter>vector</Filter>
    </ClInclude>
    <ClInclude Include="..\..\..\include\bikini\base\watch.hpp">
      <Filter>watch</Filter>
    </ClInclude>
    <ClInclude Include="..\..\..\include\bikini\base\utest.hpp">
      <Filter>utest</Filter>
    </ClInclude>
  </ItemGroup>
</Project>