<?xml version="1.0" encoding="utf-8"?>
<Project ToolsVersion="4.0" xmlns="http://schemas.microsoft.com/developer/msbuild/2003">
  <ItemGroup>
    <Filter Include="source">
      <UniqueIdentifier>{4FC737F1-C7A5-4376-A066-2A32D752A2FF}</UniqueIdentifier>
      <Extensions>cpp;c;cc;cxx;def;odl;idl;hpj;bat;asm;asmx</Extensions>
    </Filter>
    <Filter Include="header">
      <UniqueIdentifier>{93995380-89BD-4b04-88EB-625FBE52EBFB}</UniqueIdentifier>
      <Extensions>h;hpp;hxx;hm;inl;inc;xsd</Extensions>
    </Filter>
    <Filter Include="interface">
      <UniqueIdentifier>{67DA6AB6-F800-4c08-8B7A-83BB121AAD01}</UniqueIdentifier>
      <Extensions>rc;ico;cur;bmp;dlg;rc2;rct;bin;rgs;gif;jpg;jpeg;jpe;resx;tiff;tif;png;wav</Extensions>
    </Filter>
  </ItemGroup>
  <ItemGroup>
    <ClCompile Include="assert.cpp">
      <Filter>source</Filter>
    </ClCompile>
    <ClCompile Include="base.cpp">
      <Filter>source</Filter>
    </ClCompile>
    <ClCompile Include="loader.cpp">
      <Filter>source</Filter>
    </ClCompile>
    <ClCompile Include="manager.cpp">
      <Filter>source</Filter>
    </ClCompile>
    <ClCompile Include="math.cpp">
      <Filter>source</Filter>
    </ClCompile>
    <ClCompile Include="string.cpp">
      <Filter>source</Filter>
    </ClCompile>
    <ClCompile Include="watch.cpp">
      <Filter>source</Filter>
    </ClCompile>
  </ItemGroup>
  <ItemGroup>
    <None Include="..\..\..\include\bikini\base\color.inl">
      <Filter>source</Filter>
    </None>
    <None Include="..\..\..\include\bikini\base\fsm.inl">
      <Filter>source</Filter>
    </None>
    <None Include="..\..\..\include\bikini\base\GUID.inl">
      <Filter>source</Filter>
    </None>
    <None Include="..\..\..\include\bikini\base\manager.inl">
      <Filter>source</Filter>
    </None>
    <None Include="..\..\..\include\bikini\base\math.inl">
      <Filter>source</Filter>
    </None>
    <None Include="..\..\..\include\bikini\base\matrix.inl">
      <Filter>source</Filter>
    </None>
    <None Include="..\..\..\include\bikini\base\pool.inl">
      <Filter>source</Filter>
    </None>
    <None Include="..\..\..\include\bikini\base\quat.inl">
      <Filter>source</Filter>
    </None>
    <None Include="..\..\..\include\bikini\base\random.inl">
      <Filter>source</Filter>
    </None>
    <None Include="..\..\..\include\bikini\base\rect.inl">
      <Filter>source</Filter>
    </None>
    <None Include="..\..\..\include\bikini\base\ring.inl">
      <Filter>source</Filter>
    </None>
    <None Include="..\..\..\include\bikini\base\string.inl">
      <Filter>source</Filter>
    </None>
    <None Include="..\..\..\include\bikini\base\typelist.inl">
      <Filter>source</Filter>
    </None>
    <None Include="..\..\..\include\bikini\base\variant.inl">
      <Filter>source</Filter>
    </None>
    <None Include="..\..\..\include\bikini\base\vector.inl">
      <Filter>source</Filter>
    </None>
    <None Include="..\..\..\include\bikini\base\watch.inl">
      <Filter>source</Filter>
    </None>
  </ItemGroup>
  <ItemGroup>
    <ClInclude Include="header.hpp">
      <Filter>header</Filter>
    </ClInclude>
    <ClInclude Include="..\..\..\include\bikini\base\assert.hpp">
      <Filter>interface</Filter>
    </ClInclude>
    <ClInclude Include="..\..\..\include\bikini\base.hpp">
      <Filter>interface</Filter>
    </ClInclude>
    <ClInclude Include="..\..\..\include\bikini\base\base_win32.hpp">
      <Filter>interface</Filter>
    </ClInclude>
    <ClInclude Include="..\..\..\include\bikini\base\base_xbox.hpp">
      <Filter>interface</Filter>
    </ClInclude>
    <ClInclude Include="..\..\..\include\bikini\base\color.hpp">
      <Filter>interface</Filter>
    </ClInclude>
    <ClInclude Include="..\..\..\include\bikini\base\constants.hpp">
      <Filter>interface</Filter>
    </ClInclude>
    <ClInclude Include="..\..\..\include\bikini\base\databuffer.hpp">
      <Filter>interface</Filter>
    </ClInclude>
    <ClInclude Include="..\..\..\include\bikini\base\defines.hpp">
      <Filter>interface</Filter>
    </ClInclude>
    <ClInclude Include="..\..\..\include\bikini\base\fsm.hpp">
      <Filter>interface</Filter>
    </ClInclude>
    <ClInclude Include="..\..\..\include\bikini\base\functor.hpp">
      <Filter>interface</Filter>
    </ClInclude>
    <ClInclude Include="..\..\..\include\bikini\base\GUID.hpp">
      <Filter>interface</Filter>
    </ClInclude>
    <ClInclude Include="..\..\..\include\bikini\base\loader.hpp">
      <Filter>interface</Filter>
    </ClInclude>
    <ClInclude Include="..\..\..\include\bikini\base\manager.hpp">
      <Filter>interface</Filter>
    </ClInclude>
    <ClInclude Include="..\..\..\include\bikini\base\math.hpp">
      <Filter>interface</Filter>
    </ClInclude>
    <ClInclude Include="..\..\..\include\bikini\base\matrix.hpp">
      <Filter>interface</Filter>
    </ClInclude>
    <ClInclude Include="..\..\..\include\bikini\base\pool.hpp">
      <Filter>interface</Filter>
    </ClInclude>
    <ClInclude Include="..\..\..\include\bikini\base\quat.hpp">
      <Filter>interface</Filter>
    </ClInclude>
    <ClInclude Include="..\..\..\include\bikini\base\random.hpp">
      <Filter>interface</Filter>
    </ClInclude>
    <ClInclude Include="..\..\..\include\bikini\base\rect.hpp">
      <Filter>interface</Filter>
    </ClInclude>
    <ClInclude Include="..\..\..\include\bikini\base\ring.hpp">
      <Filter>interface</Filter>
    </ClInclude>
    <ClInclude Include="..\..\..\include\bikini\base\string.hpp">
      <Filter>interface</Filter>
    </ClInclude>
    <ClInclude Include="..\..\..\include\bikini\base\traits.hpp">
      <Filter>interface</Filter>
    </ClInclude>
    <ClInclude Include="..\..\..\include\bikini\base\typelist.hpp">
      <Filter>interface</Filter>
    </ClInclude>
    <ClInclude Include="..\..\..\include\bikini\base\types.hpp">
      <Filter>interface</Filter>
    </ClInclude>
    <ClInclude Include="..\..\..\include\bikini\base\variant.hpp">
      <Filter>interface</Filter>
    </ClInclude>
    <ClInclude Include="..\..\..\include\bikini\base\vector.hpp">
      <Filter>interface</Filter>
    </ClInclude>
    <ClInclude Include="..\..\..\include\bikini\base\watch.hpp">
      <Filter>interface</Filter>
    </ClInclude>
  </ItemGroup>
</Project>